
Microsoft Visual Studio Solution File, Format Version 12.00
# Visual Studio 14
VisualStudioVersion = 14.0.24720.0
MinimumVisualStudioVersion = 10.0.40219.1
Project("{FAE04EC0-301F-11D3-BF4B-00C04F79EFBC}") = "wf_clockIn", "wf_clockIn\wf_clockIn.csproj", "{1AC3ED09-1839-4358-B17C-7C763F321234}"
EndProject
Global
	GlobalSection(SolutionConfigurationPlatforms) = preSolution
		Debug|Any CPU = Debug|Any CPU
		Release|Any CPU = Release|Any CPU
	EndGlobalSection
	GlobalSection(ProjectConfigurationPlatforms) = postSolution
		{1AC3ED09-1839-4358-B17C-7C763F321234}.Debug|Any CPU.ActiveCfg = Debug|Any CPU
		{1AC3ED09-1839-4358-B17C-7C763F321234}.Debug|Any CPU.Build.0 = Debug|Any CPU
		{1AC3ED09-1839-4358-B17C-7C763F321234}.Release|Any CPU.ActiveCfg = Release|Any CPU
		{1AC3ED09-1839-4358-B17C-7C763F321234}.Release|Any CPU.Build.0 = Release|Any CPU
	EndGlobalSection
	GlobalSection(SolutionProperties) = preSolution
		HideSolutionNode = FALSE
	EndGlobalSection
EndGlobal
